<?xml version="1.0" encoding="utf-8"?>
<Project ToolsVersion="4.0" xmlns="http://schemas.microsoft.com/developer/msbuild/2003">
  <ItemGroup>
    <Filter Include="win32">
      <UniqueIdentifier>{84a8ebd7-7cf0-47f6-b75e-d441df67da40}</UniqueIdentifier>
    </Filter>
    <Filter Include="Classes">
      <UniqueIdentifier>{bb6c862e-70e9-49d9-81b7-3829a6f50471}</UniqueIdentifier>
    </Filter>
    <Filter Include="resource">
      <UniqueIdentifier>{715254bc-d70b-4ec5-bf29-467dd3ace079}</UniqueIdentifier>
    </Filter>
    <Filter Include="resource\data">
      <UniqueIdentifier>{f80eadae-3e28-46a6-8263-b38b697f5a79}</UniqueIdentifier>
    </Filter>
    <Filter Include="resource\data\stage">
      <UniqueIdentifier>{eaa6a6ec-fb61-4ee0-a2c5-b6916db60d53}</UniqueIdentifier>
    </Filter>
    <Filter Include="resource\data\config">
      <UniqueIdentifier>{a33ae61b-2cd5-4e92-a29b-dd2fe5f58df0}</UniqueIdentifier>
    </Filter>
    <Filter Include="resource\data\animation">
      <UniqueIdentifier>{54dea33b-be63-4c43-b0a6-79614cc99960}</UniqueIdentifier>
    </Filter>
  </ItemGroup>
  <ItemGroup>
    <ClCompile Include="main.cpp">
      <Filter>win32</Filter>
    </ClCompile>
    <ClCompile Include="..\Classes\AppDelegate.cpp">
      <Filter>Classes</Filter>
    </ClCompile>
    <ClCompile Include="..\Classes\GameScene.cpp">
      <Filter>Classes</Filter>
    </ClCompile>
    <ClCompile Include="..\Classes\DataManager.cpp">
      <Filter>Classes</Filter>
    </ClCompile>
    <ClCompile Include="..\Classes\TileMap.cpp">
      <Filter>Classes</Filter>
    </ClCompile>
    <ClCompile Include="..\Classes\Unit.cpp">
      <Filter>Classes</Filter>
    </ClCompile>
    <ClCompile Include="..\Classes\Player.cpp">
      <Filter>Classes</Filter>
    </ClCompile>
    <ClCompile Include="..\Classes\Box.cpp">
      <Filter>Classes</Filter>
    </ClCompile>
    <ClCompile Include="..\Classes\UILayer.cpp">
      <Filter>Classes</Filter>
    </ClCompile>
    <ClCompile Include="..\Classes\Effect.cpp">
      <Filter>Classes</Filter>
    </ClCompile>
    <ClCompile Include="..\Classes\Portal.cpp">
      <Filter>Classes</Filter>
    </ClCompile>
    <ClCompile Include="..\Classes\Thorn.cpp">
      <Filter>Classes</Filter>
    </ClCompile>
    <ClCompile Include="..\Classes\Slime.cpp">
      <Filter>Classes</Filter>
    </ClCompile>
  </ItemGroup>
  <ItemGroup>
    <ClInclude Include="main.h">
      <Filter>win32</Filter>
    </ClInclude>
    <ClInclude Include="..\Classes\AppDelegate.h">
      <Filter>Classes</Filter>
    </ClInclude>
    <ClInclude Include="..\Classes\GameScene.h">
      <Filter>Classes</Filter>
    </ClInclude>
    <ClInclude Include="..\Classes\DataManager.h">
      <Filter>Classes</Filter>
    </ClInclude>
    <ClInclude Include="..\Classes\TileMap.h">
      <Filter>Classes</Filter>
    </ClInclude>
    <ClInclude Include="..\Classes\Unit.h">
      <Filter>Classes</Filter>
    </ClInclude>
    <ClInclude Include="..\Classes\Player.h">
      <Filter>Classes</Filter>
    </ClInclude>
    <ClInclude Include="..\Classes\Box.h">
      <Filter>Classes</Filter>
    </ClInclude>
    <ClInclude Include="..\Classes\UILayer.h">
      <Filter>Classes</Filter>
    </ClInclude>
    <ClInclude Include="..\Classes\Effect.h">
      <Filter>Classes</Filter>
    </ClInclude>
    <ClInclude Include="..\Classes\Portal.h">
      <Filter>Classes</Filter>
    </ClInclude>
    <ClInclude Include="..\Classes\Thorn.h">
      <Filter>Classes</Filter>
    </ClInclude>
    <ClInclude Include="..\Classes\Slime.h">
      <Filter>Classes</Filter>
    </ClInclude>
  </ItemGroup>
  <ItemGroup>
    <ResourceCompile Include="game.rc">
      <Filter>resource</Filter>
    </ResourceCompile>
  </ItemGroup>
  <ItemGroup>
    <Text Include="..\Resources\data\stage1.txt">
      <Filter>resource\data\stage</Filter>
    </Text>
    <Text Include="..\Resources\data\portal.txt">
      <Filter>resource\data\config</Filter>
    </Text>
    <Text Include="..\Resources\data\sound.txt">
      <Filter>resource\data\config</Filter>
    </Text>
    <Text Include="..\Resources\data\stage2.txt">
      <Filter>resource\data\stage</Filter>
    </Text>
    <Text Include="..\Resources\data\tile.txt">
      <Filter>resource\data\config</Filter>
    </Text>
    <Text Include="..\Resources\data\collision_effect.txt">
      <Filter>resource\data\animation</Filter>
    </Text>
    <Text Include="..\Resources\data\player_act_pull_down.txt">
      <Filter>resource\data\animation</Filter>
    </Text>
    <Text Include="..\Resources\data\player_act_pull_left.txt">
      <Filter>resource\data\animation</Filter>
    </Text>
    <Text Include="..\Resources\data\player_act_pull_right.txt">
      <Filter>resource\data\animation</Filter>
    </Text>
    <Text Include="..\Resources\data\player_act_pull_up.txt">
      <Filter>resource\data\animation</Filter>
    </Text>
    <Text Include="..\Resources\data\player_act_push_down.txt">
      <Filter>resource\data\animation</Filter>
    </Text>
    <Text Include="..\Resources\data\player_act_push_left.txt">
      <Filter>resource\data\animation</Filter>
    </Text>
    <Text Include="..\Resources\data\player_act_push_right.txt">
      <Filter>resource\data\animation</Filter>
    </Text>
    <Text Include="..\Resources\data\player_act_push_up.txt">
      <Filter>resource\data\animation</Filter>
    </Text>
    <Text Include="..\Resources\data\player_down.txt">
      <Filter>resource\data\animation</Filter>
    </Text>
    <Text Include="..\Resources\data\player_left.txt">
      <Filter>resource\data\animation</Filter>
    </Text>
    <Text Include="..\Resources\data\player_right.txt">
      <Filter>resource\data\animation</Filter>
    </Text>
    <Text Include="..\Resources\data\player_up.txt">
      <Filter>resource\data\animation</Filter>
    </Text>
    <Text Include="..\Resources\data\slime.txt">
      <Filter>resource\data\animation</Filter>
    </Text>
    <Text Include="..\Resources\data\stage3.txt">
      <Filter>resource\data\stage</Filter>
    </Text>
    <Text Include="..\Resources\data\stage4.txt">
      <Filter>resource\data\stage</Filter>
    </Text>
    <Text Include="..\Resources\data\skeleton_up.txt">
      <Filter>resource\data\animation</Filter>
    </Text>
    <Text Include="..\Resources\data\skeleton_left.txt">
      <Filter>resource\data\animation</Filter>
    </Text>
    <Text Include="..\Resources\data\skeleton_right.txt">
      <Filter>resource\data\animation</Filter>
    </Text>
    <Text Include="..\Resources\data\skeleton_down.txt">
      <Filter>resource\data\animation</Filter>
    </Text>
  </ItemGroup>
</Project>